# THIS IS AN AUTOGENERATED FILE. DO NOT EDIT THIS FILE DIRECTLY.
# yarn lockfile v1


"@tauri-apps/cli-darwin-arm64@1.6.2":
  version "1.6.2"
  resolved "https://registry.yarnpkg.com/@tauri-apps/cli-darwin-arm64/-/cli-darwin-arm64-1.6.2.tgz#f2a4090898677282ca5075605f489ac37b4eb241"
  integrity sha512-6mdRyf9DaLqlZvj8kZB09U3rwY+dOHSGzTZ7+GDg665GJb17f4cb30e8dExj6/aghcsOie9EGpgiURcDUvLNSQ==

"@tauri-apps/cli-darwin-x64@1.6.2":
  version "1.6.2"
  resolved "https://registry.yarnpkg.com/@tauri-apps/cli-darwin-x64/-/cli-darwin-x64-1.6.2.tgz#58cfaf4f459865553d3c2ac69d7ddb106e29b038"
  integrity sha512-PLxZY5dn38H3R9VRmBN/l0ZDB5JFanCwlK4rmpzDQPPg3tQmbu5vjSCP6TVj5U6aLKsj79kFyULblPr5Dn9+vw==

"@tauri-apps/cli-linux-arm-gnueabihf@1.6.2":
  version "1.6.2"
  resolved "https://registry.yarnpkg.com/@tauri-apps/cli-linux-arm-gnueabihf/-/cli-linux-arm-gnueabihf-1.6.2.tgz#098ca4025f6db2c45106e91bcf8a5b8bd7e51ffb"
  integrity sha512-xnpj4BLeeGOh5I/ewCQlYJZwHH0CBNBN+4q8BNWNQ9MKkjN9ST366RmHRzl2ANNgWwijOPxyce7GiUmvuH8Atw==

"@tauri-apps/cli-linux-arm64-gnu@1.6.2":
  version "1.6.2"
  resolved "https://registry.yarnpkg.com/@tauri-apps/cli-linux-arm64-gnu/-/cli-linux-arm64-gnu-1.6.2.tgz#3a4937980dc4d1a9ba7532884e8be6ea2bfd7606"
  integrity sha512-uaiRE0vE2P+tdsCngfKt+7yKr3VZXIq/t3w01DzSdnBgHSp0zmRsRR4AhZt7ibvoEgA8GzBP+eSHJdFNZsTU9w==

"@tauri-apps/cli-linux-arm64-musl@1.6.2":
  version "1.6.2"
  resolved "https://registry.yarnpkg.com/@tauri-apps/cli-linux-arm64-musl/-/cli-linux-arm64-musl-1.6.2.tgz#b8bbbeb02287947827d25d4441efc6494a98e8ad"
  integrity sha512-o9JunVrMrhqTBLrdvEbS64W0bo1dPm0lxX51Mx+6x9SmbDjlEWGgaAHC3iKLK9khd5Yu1uO1e+8TJltAcScvmw==

"@tauri-apps/cli-linux-x64-gnu@1.6.2":
  version "1.6.2"
  resolved "https://registry.yarnpkg.com/@tauri-apps/cli-linux-x64-gnu/-/cli-linux-x64-gnu-1.6.2.tgz#845883ea1e7419357bc663f8eb9c5465944220c5"
  integrity sha512-jL9f+o61DdQmNYKIt2Q3BA8YJ+hyC5+GdNxqDf7j5SoQ85j//YfUWbmp9ZgsPHVBxgSGZVvgGMNvf64Ykp0buQ==

"@tauri-apps/cli-linux-x64-musl@1.6.2":
  version "1.6.2"
  resolved "https://registry.yarnpkg.com/@tauri-apps/cli-linux-x64-musl/-/cli-linux-x64-musl-1.6.2.tgz#5ae6ce5c1bfc974cdecf97e678a538a30dc65a59"
  integrity sha512-xsa4Pu9YMHKAX0J8pIoXfN/uhvAAAoECZDixDhWw8zi57VZ4QX28ycqolS+NscdD9NAGSgHk45MpBZWdvRtvjQ==

"@tauri-apps/cli-win32-arm64-msvc@1.6.2":
  version "1.6.2"
  resolved "https://registry.yarnpkg.com/@tauri-apps/cli-win32-arm64-msvc/-/cli-win32-arm64-msvc-1.6.2.tgz#db244d786529057dea39e45e4be33fc8e7506ff1"
  integrity sha512-eJtUOx2UFhJpCCkm5M5+4Co9JbjvgIHTdyS/hTSZfOEdT58CNEGVJXMA39FsSZXYoxYPE+9K7Km6haMozSmlxw==

"@tauri-apps/cli-win32-ia32-msvc@1.6.2":
  version "1.6.2"
  resolved "https://registry.yarnpkg.com/@tauri-apps/cli-win32-ia32-msvc/-/cli-win32-ia32-msvc-1.6.2.tgz#2528475fa10250818a615abbefc052687a9207de"
  integrity sha512-9Jwx3PrhNw3VKOgPISRRXPkvoEAZP+7rFRHXIo49dvlHy2E/o9qpWi1IntE33HWeazP6KhvsCjvXB2Ai4eGooA==

"@tauri-apps/cli-win32-x64-msvc@1.6.2":
  version "1.6.2"
  resolved "https://registry.yarnpkg.com/@tauri-apps/cli-win32-x64-msvc/-/cli-win32-x64-msvc-1.6.2.tgz#0691ad9c84a3b25b39390f83861585cacd179140"
  integrity sha512-5Z+ZjRFJE8MXghJe1UXvGephY5ZcgVhiTI9yuMi9xgX3CEaAXASatyXllzsvGJ9EDaWMEpa0PHjAzi7LBAWROw==

"@tauri-apps/cli@^1.6.2":
  version "1.6.2"
  resolved "https://registry.yarnpkg.com/@tauri-apps/cli/-/cli-1.6.2.tgz#55a5434e1bae15a37dbdc33625afdd11e8673e0e"
  integrity sha512-zpfZdxhm20s7d/Uejpg/T3a9sqLVe3Ih2ztINfy8v6iLw9Ohowkb9g+agZffYKlEWfOSpmCy69NFyBLj7OZL0A==
  optionalDependencies:
    "@tauri-apps/cli-darwin-arm64" "1.6.2"
    "@tauri-apps/cli-darwin-x64" "1.6.2"
    "@tauri-apps/cli-linux-arm-gnueabihf" "1.6.2"
    "@tauri-apps/cli-linux-arm64-gnu" "1.6.2"
    "@tauri-apps/cli-linux-arm64-musl" "1.6.2"
    "@tauri-apps/cli-linux-x64-gnu" "1.6.2"
    "@tauri-apps/cli-linux-x64-musl" "1.6.2"
    "@tauri-apps/cli-win32-arm64-msvc" "1.6.2"
    "@tauri-apps/cli-win32-ia32-msvc" "1.6.2"
    "@tauri-apps/cli-win32-x64-msvc" "1.6.2"

child_process@^1.0.2:
  version "1.0.2"
  resolved "https://registry.yarnpkg.com/child_process/-/child_process-1.0.2.tgz#b1f7e7fc73d25e7fd1d455adc94e143830182b5a"
  integrity sha512-Wmza/JzL0SiWz7kl6MhIKT5ceIlnFPJX+lwUGj7Clhy5MMldsSoJR0+uvRzOS5Kv45Mq7t1PoE8TsOA9bzvb6g==
